// !$*UTF8*$!
{
	archiveVersion = 1;
	classes = {
	};
	objectVersion = 48;
	objects = {

/* Begin PBXBuildFile section */
		D49508085BD6AB241A46EC3A /* Pods_StretchyLayouts.framework in Frameworks */ = {isa = PBXBuildFile; fileRef = 1700231BA0A40DA71676AADD /* Pods_StretchyLayouts.framework */; };
		DB4D53EA1FA1A5F200DF6F63 /* AppDelegate.swift in Sources */ = {isa = PBXBuildFile; fileRef = DB4D53E91FA1A5F200DF6F63 /* AppDelegate.swift */; };
		DB4D53F11FA1A5F200DF6F63 /* Assets.xcassets in Resources */ = {isa = PBXBuildFile; fileRef = DB4D53F01FA1A5F200DF6F63 /* Assets.xcassets */; };
		DB4D53F41FA1A5F200DF6F63 /* LaunchScreen.storyboard in Resources */ = {isa = PBXBuildFile; fileRef = DB4D53F21FA1A5F200DF6F63 /* LaunchScreen.storyboard */; };
		DB4D53FC1FA1A9F200DF6F63 /* StretchyViewController.swift in Sources */ = {isa = PBXBuildFile; fileRef = DB4D53FB1FA1A9F200DF6F63 /* StretchyViewController.swift */; };
/* End PBXBuildFile section */

/* Begin PBXFileReference section */
		1700231BA0A40DA71676AADD /* Pods_StretchyLayouts.framework */ = {isa = PBXFileReference; explicitFileType = wrapper.framework; includeInIndex = 0; path = Pods_StretchyLayouts.framework; sourceTree = BUILT_PRODUCTS_DIR; };
		3B3563CA599D19B5EFCDFFF6 /* Pods-StretchyLayouts.release.xcconfig */ = {isa = PBXFileReference; includeInIndex = 1; lastKnownFileType = text.xcconfig; name = "Pods-StretchyLayouts.release.xcconfig"; path = "Pods/Target Support Files/Pods-StretchyLayouts/Pods-StretchyLayouts.release.xcconfig"; sourceTree = "<group>"; };
		C5FAB5B1C45C181E004184E6 /* Pods-StretchyLayouts.debug.xcconfig */ = {isa = PBXFileReference; includeInIndex = 1; lastKnownFileType = text.xcconfig; name = "Pods-StretchyLayouts.debug.xcconfig"; path = "Pods/Target Support Files/Pods-StretchyLayouts/Pods-StretchyLayouts.debug.xcconfig"; sourceTree = "<group>"; };
		DB4D53E61FA1A5F200DF6F63 /* StretchyLayouts.app */ = {isa = PBXFileReference; explicitFileType = wrapper.application; includeInIndex = 0; path = StretchyLayouts.app; sourceTree = BUILT_PRODUCTS_DIR; };
		DB4D53E91FA1A5F200DF6F63 /* AppDelegate.swift */ = {isa = PBXFileReference; lastKnownFileType = sourcecode.swift; path = AppDelegate.swift; sourceTree = "<group>"; };
		DB4D53F01FA1A5F200DF6F63 /* Assets.xcassets */ = {isa = PBXFileReference; lastKnownFileType = folder.assetcatalog; path = Assets.xcassets; sourceTree = "<group>"; };
		DB4D53F31FA1A5F200DF6F63 /* Base */ = {isa = PBXFileReference; lastKnownFileType = file.storyboard; name = Base; path = Base.lproj/LaunchScreen.storyboard; sourceTree = "<group>"; };
		DB4D53F51FA1A5F200DF6F63 /* Info.plist */ = {isa = PBXFileReference; lastKnownFileType = text.plist.xml; path = Info.plist; sourceTree = "<group>"; };
		DB4D53FB1FA1A9F200DF6F63 /* StretchyViewController.swift */ = {isa = PBXFileReference; lastKnownFileType = sourcecode.swift; path = StretchyViewController.swift; sourceTree = "<group>"; };
/* End PBXFileReference section */

/* Begin PBXFrameworksBuildPhase section */
		DB4D53E31FA1A5F200DF6F63 /* Frameworks */ = {
			isa = PBXFrameworksBuildPhase;
			buildActionMask = 2147483647;
			files = (
				D49508085BD6AB241A46EC3A /* Pods_StretchyLayouts.framework in Frameworks */,
			);
			runOnlyForDeploymentPostprocessing = 0;
		};
/* End PBXFrameworksBuildPhase section */

/* Begin PBXGroup section */
		926C69EBBF20E176D3B9BC9F /* Frameworks */ = {
			isa = PBXGroup;
			children = (
				1700231BA0A40DA71676AADD /* Pods_StretchyLayouts.framework */,
			);
			name = Frameworks;
			sourceTree = "<group>";
		};
		94D442B38F054FCFB31EAE1A /* Pods */ = {
			isa = PBXGroup;
			children = (
				C5FAB5B1C45C181E004184E6 /* Pods-StretchyLayouts.debug.xcconfig */,
				3B3563CA599D19B5EFCDFFF6 /* Pods-StretchyLayouts.release.xcconfig */,
			);
			name = Pods;
			sourceTree = "<group>";
		};
		DB4D53DD1FA1A5F200DF6F63 = {
			isa = PBXGroup;
			children = (
				DB4D53E81FA1A5F200DF6F63 /* StretchyLayouts */,
				DB4D53E71FA1A5F200DF6F63 /* Products */,
				94D442B38F054FCFB31EAE1A /* Pods */,
				926C69EBBF20E176D3B9BC9F /* Frameworks */,
			);
			sourceTree = "<group>";
		};
		DB4D53E71FA1A5F200DF6F63 /* Products */ = {
			isa = PBXGroup;
			children = (
				DB4D53E61FA1A5F200DF6F63 /* StretchyLayouts.app */,
			);
			name = Products;
			sourceTree = "<group>";
		};
		DB4D53E81FA1A5F200DF6F63 /* StretchyLayouts */ = {
			isa = PBXGroup;
			children = (
				DB4D53E91FA1A5F200DF6F63 /* AppDelegate.swift */,
				DB4D53FB1FA1A9F200DF6F63 /* StretchyViewController.swift */,
				DB4D53F01FA1A5F200DF6F63 /* Assets.xcassets */,
				DB4D53F21FA1A5F200DF6F63 /* LaunchScreen.storyboard */,
				DB4D53F51FA1A5F200DF6F63 /* Info.plist */,
			);
			path = StretchyLayouts;
			sourceTree = "<group>";
		};
/* End PBXGroup section */

/* Begin PBXNativeTarget section */
		DB4D53E51FA1A5F200DF6F63 /* StretchyLayouts */ = {
			isa = PBXNativeTarget;
			buildConfigurationList = DB4D53F81FA1A5F200DF6F63 /* Build configuration list for PBXNativeTarget "StretchyLayouts" */;
			buildPhases = (
				4F5205B7A0E754C753D6B641 /* [CP] Check Pods Manifest.lock */,
				DB4D53E21FA1A5F200DF6F63 /* Sources */,
				DB4D53E31FA1A5F200DF6F63 /* Frameworks */,
				DB4D53E41FA1A5F200DF6F63 /* Resources */,
				378EB8243D5467D513F10A9E /* [CP] Embed Pods Frameworks */,
				3431F64083C301C860BA17A0 /* [CP] Copy Pods Resources */,
			);
			buildRules = (
			);
			dependencies = (
			);
			name = StretchyLayouts;
			productName = StretchyLayouts;
			productReference = DB4D53E61FA1A5F200DF6F63 /* StretchyLayouts.app */;
			productType = "com.apple.product-type.application";
		};
/* End PBXNativeTarget section */

/* Begin PBXProject section */
		DB4D53DE1FA1A5F200DF6F63 /* Project object */ = {
			isa = PBXProject;
			attributes = {
				LastSwiftUpdateCheck = 0900;
				LastUpgradeCheck = 0900;
				ORGANIZATIONNAME = Enabled;
				TargetAttributes = {
					DB4D53E51FA1A5F200DF6F63 = {
						CreatedOnToolsVersion = 9.0.1;
						ProvisioningStyle = Automatic;
					};
				};
			};
			buildConfigurationList = DB4D53E11FA1A5F200DF6F63 /* Build configuration list for PBXProject "StretchyLayouts" */;
			compatibilityVersion = "Xcode 8.0";
			developmentRegion = en;
			hasScannedForEncodings = 0;
			knownRegions = (
				en,
				Base,
			);
			mainGroup = DB4D53DD1FA1A5F200DF6F63;
			productRefGroup = DB4D53E71FA1A5F200DF6F63 /* Products */;
			projectDirPath = "";
			projectRoot = "";
			targets = (
				DB4D53E51FA1A5F200DF6F63 /* StretchyLayouts */,
			);
		};
/* End PBXProject section */

/* Begin PBXResourcesBuildPhase section */
		DB4D53E41FA1A5F200DF6F63 /* Resources */ = {
			isa = PBXResourcesBuildPhase;
			buildActionMask = 2147483647;
			files = (
				DB4D53F41FA1A5F200DF6F63 /* LaunchScreen.storyboard in Resources */,
				DB4D53F11FA1A5F200DF6F63 /* Assets.xcassets in Resources */,
			);
			runOnlyForDeploymentPostprocessing = 0;
		};
/* End PBXResourcesBuildPhase section */

/* Begin PBXShellScriptBuildPhase section */
		3431F64083C301C860BA17A0 /* [CP] Copy Pods Resources */ = {
			isa = PBXShellScriptBuildPhase;
			buildActionMask = 2147483647;
			files = (
			);
			inputPaths = (
			);
			name = "[CP] Copy Pods Resources";
			outputPaths = (
			);
			runOnlyForDeploymentPostprocessing = 0;
			shellPath = /bin/sh;
			shellScript = "\"${SRCROOT}/Pods/Target Support Files/Pods-StretchyLayouts/Pods-StretchyLayouts-resources.sh\"\n";
			showEnvVarsInLog = 0;
		};
		378EB8243D5467D513F10A9E /* [CP] Embed Pods Frameworks */ = {
			isa = PBXShellScriptBuildPhase;
			buildActionMask = 2147483647;
			files = (
			);
			inputPaths = (
				"${SRCROOT}/Pods/Target Support Files/Pods-StretchyLayouts/Pods-StretchyLayouts-frameworks.sh",
				"${BUILT_PRODUCTS_DIR}/SnapKit/SnapKit.framework",
			);
			name = "[CP] Embed Pods Frameworks";
			outputPaths = (
				"${TARGET_BUILD_DIR}/${FRAMEWORKS_FOLDER_PATH}/SnapKit.framework",
			);
			runOnlyForDeploymentPostprocessing = 0;
			shellPath = /bin/sh;
			shellScript = "\"${SRCROOT}/Pods/Target Support Files/Pods-StretchyLayouts/Pods-StretchyLayouts-frameworks.sh\"\n";
			showEnvVarsInLog = 0;
		};
		4F5205B7A0E754C753D6B641 /* [CP] Check Pods Manifest.lock */ = {
			isa = PBXShellScriptBuildPhase;
			buildActionMask = 2147483647;
			files = (
			);
			inputPaths = (
				"${PODS_PODFILE_DIR_PATH}/Podfile.lock",
				"${PODS_ROOT}/Manifest.lock",
			);
			name = "[CP] Check Pods Manifest.lock";
			outputPaths = (
				"$(DERIVED_FILE_DIR)/Pods-StretchyLayouts-checkManifestLockResult.txt",
			);
			runOnlyForDeploymentPostprocessing = 0;
			shellPath = /bin/sh;
			shellScript = "diff \"${PODS_PODFILE_DIR_PATH}/Podfile.lock\" \"${PODS_ROOT}/Manifest.lock\" > /dev/null\nif [ $? != 0 ] ; then\n    # print error to STDERR\n    echo \"error: The sandbox is not in sync with the Podfile.lock. Run 'pod install' or update your CocoaPods installation.\" >&2\n    exit 1\nfi\n# This output is used by Xcode 'outputs' to avoid re-running this script phase.\necho \"SUCCESS\" > \"${SCRIPT_OUTPUT_FILE_0}\"\n";
			showEnvVarsInLog = 0;
		};
/* End PBXShellScriptBuildPhase section */

/* Begin PBXSourcesBuildPhase section */
		DB4D53E21FA1A5F200DF6F63 /* Sources */ = {
			isa = PBXSourcesBuildPhase;
			buildActionMask = 2147483647;
			files = (
				DB4D53FC1FA1A9F200DF6F63 /* StretchyViewController.swift in Sources */,
				DB4D53EA1FA1A5F200DF6F63 /* AppDelegate.swift in Sources */,
			);
			runOnlyForDeploymentPostprocessing = 0;
		};
/* End PBXSourcesBuildPhase section */

/* Begin PBXVariantGroup section */
		DB4D53F21FA1A5F200DF6F63 /* LaunchScreen.storyboard */ = {
			isa = PBXVariantGroup;
			children = (
				DB4D53F31FA1A5F200DF6F63 /* Base */,
			);
			name = LaunchScreen.storyboard;
			sourceTree = "<group>";
		};
/* End PBXVariantGroup section */

/* Begin XCBuildConfiguration section */
		DB4D53F61FA1A5F200DF6F63 /* Debug */ = {
			isa = XCBuildConfiguration;
			buildSettings = {
				ALWAYS_SEARCH_USER_PATHS = NO;
				CLANG_ANALYZER_NONNULL = YES;
				CLANG_ANALYZER_NUMBER_OBJECT_CONVERSION = YES_AGGRESSIVE;
				CLANG_CXX_LANGUAGE_STANDARD = "gnu++14";
				CLANG_CXX_LIBRARY = "libc++";
				CLANG_ENABLE_MODULES = YES;
				CLANG_ENABLE_OBJC_ARC = YES;
				CLANG_WARN_BLOCK_CAPTURE_AUTORELEASING = YES;
				CLANG_WARN_BOOL_CONVERSION = YES;
				CLANG_WARN_COMMA = YES;
				CLANG_WARN_CONSTANT_CONVERSION = YES;
				CLANG_WARN_DIRECT_OBJC_ISA_USAGE = YES_ERROR;
				CLANG_WARN_DOCUMENTATION_COMMENTS = YES;
				CLANG_WARN_EMPTY_BODY = YES;
				CLANG_WARN_ENUM_CONVERSION = YES;
				CLANG_WARN_INFINITE_RECURSION = YES;
				CLANG_WARN_INT_CONVERSION = YES;
				CLANG_WARN_NON_LITERAL_NULL_CONVERSION = YES;
				CLANG_WARN_OBJC_LITERAL_CONVERSION = YES;
				CLANG_WARN_OBJC_ROOT_CLASS = YES_ERROR;
				CLANG_WARN_RANGE_LOOP_ANALYSIS = YES;
				CLANG_WARN_STRICT_PROTOTYPES = YES;
				CLANG_WARN_SUSPICIOUS_MOVE = YES;
				CLANG_WARN_UNGUARDED_AVAILABILITY = YES_AGGRESSIVE;
				CLANG_WARN_UNREACHABLE_CODE = YES;
				CLANG_WARN__DUPLICATE_METHOD_MATCH = YES;
				CODE_SIGN_IDENTITY = "iPhone Developer";
				COPY_PHASE_STRIP = NO;
				DEBUG_INFORMATION_FORMAT = dwarf;
				ENABLE_STRICT_OBJC_MSGSEND = YES;
				ENABLE_TESTABILITY = YES;
				GCC_C_LANGUAGE_STANDARD = gnu11;
				GCC_DYNAMIC_NO_PIC = NO;
				GCC_NO_COMMON_BLOCKS = YES;
				GCC_OPTIMIZATION_LEVEL = 0;
				GCC_PREPROCESSOR_DEFINITIONS = (
					"DEBUG=1",
					"$(inherited)",
				);
				GCC_WARN_64_TO_32_BIT_CONVERSION = YES;
				GCC_WARN_ABOUT_RETURN_TYPE = YES_ERROR;
				GCC_WARN_UNDECLARED_SELECTOR = YES;
				GCC_WARN_UNINITIALIZED_AUTOS = YES_AGGRESSIVE;
				GCC_WARN_UNUSED_FUNCTION = YES;
				GCC_WARN_UNUSED_VARIABLE = YES;
				IPHONEOS_DEPLOYMENT_TARGET = 11.0;
				MTL_ENABLE_DEBUG_INFO = YES;
				ONLY_ACTIVE_ARCH = YES;
				SDKROOT = iphoneos;
				SWIFT_ACTIVE_COMPILATION_CONDITIONS = DEBUG;
				SWIFT_OPTIMIZATION_LEVEL = "-Onone";
			};
			name = Debug;
		};
		DB4D53F71FA1A5F200DF6F63 /* Release */ = {
			isa = XCBuildConfiguration;
			buildSettings = {
				ALWAYS_SEARCH_USER_PATHS = NO;
				CLANG_ANALYZER_NONNULL = YES;
				CLANG_ANALYZER_NUMBER_OBJECT_CONVERSION = YES_AGGRESSIVE;
				CLANG_CXX_LANGUAGE_STANDARD = "gnu++14";
				CLANG_CXX_LIBRARY = "libc++";
				CLANG_ENABLE_MODULES = YES;
				CLANG_ENABLE_OBJC_ARC = YES;
				CLANG_WARN_BLOCK_CAPTURE_AUTORELEASING = YES;
				CLANG_WARN_BOOL_CONVERSION = YES;
				CLANG_WARN_COMMA = YES;
				CLANG_WARN_CONSTANT_CONVERSION = YES;
				CLANG_WARN_DIRECT_OBJC_ISA_USAGE = YES_ERROR;
				CLANG_WARN_DOCUMENTATION_COMMENTS = YES;
				CLANG_WARN_EMPTY_BODY = YES;
				CLANG_WARN_ENUM_CONVERSION = YES;
				CLANG_WARN_INFINITE_RECURSION = YES;
				CLANG_WARN_INT_CONVERSION = YES;
				CLANG_WARN_NON_LITERAL_NULL_CONVERSION = YES;
				CLANG_WARN_OBJC_LITERAL_CONVERSION = YES;
				CLANG_WARN_OBJC_ROOT_CLASS = YES_ERROR;
				CLANG_WARN_RANGE_LOOP_ANALYSIS = YES;
				CLANG_WARN_STRICT_PROTOTYPES = YES;
				CLANG_WARN_SUSPICIOUS_MOVE = YES;
				CLANG_WARN_UNGUARDED_AVAILABILITY = YES_AGGRESSIVE;
				CLANG_WARN_UNREACHABLE_CODE = YES;
				CLANG_WARN__DUPLICATE_METHOD_MATCH = YES;
				CODE_SIGN_IDENTITY = "iPhone Developer";
				COPY_PHASE_STRIP = NO;
				DEBUG_INFORMATION_FORMAT = "dwarf-with-dsym";
				ENABLE_NS_ASSERTIONS = NO;
				ENABLE_STRICT_OBJC_MSGSEND = YES;
				GCC_C_LANGUAGE_STANDARD = gnu11;
				GCC_NO_COMMON_BLOCKS = YES;
				GCC_WARN_64_TO_32_BIT_CONVERSION = YES;
				GCC_WARN_ABOUT_RETURN_TYPE = YES_ERROR;
				GCC_WARN_UNDECLARED_SELECTOR = YES;
				GCC_WARN_UNINITIALIZED_AUTOS = YES_AGGRESSIVE;
				GCC_WARN_UNUSED_FUNCTION = YES;
				GCC_WARN_UNUSED_VARIABLE = YES;
				IPHONEOS_DEPLOYMENT_TARGET = 11.0;
				MTL_ENABLE_DEBUG_INFO = NO;
				SDKROOT = iphoneos;
				SWIFT_OPTIMIZATION_LEVEL = "-Owholemodule";
				VALIDATE_PRODUCT = YES;
			};
			name = Release;
		};
		DB4D53F91FA1A5F200DF6F63 /* Debug */ = {
			isa = XCBuildConfiguration;
			baseConfigurationReference = C5FAB5B1C45C181E004184E6 /* Pods-StretchyLayouts.debug.xcconfig */;
			buildSettings = {
				ASSETCATALOG_COMPILER_APPICON_NAME = AppIcon;
				CODE_SIGN_STYLE = Automatic;
				DEVELOPMENT_TEAM = 78KFAJBHAX;
				INFOPLIST_FILE = StretchyLayouts/Info.plist;
				LD_RUNPATH_SEARCH_PATHS = "$(inherited) @executable_path/Frameworks";
				PRODUCT_BUNDLE_IDENTIFIER = com.enabled.StretchyLayouts;
				PRODUCT_NAME = "$(TARGET_NAME)";
				SWIFT_VERSION = 4.0;
				TARGETED_DEVICE_FAMILY = "1,2";
			};
			name = Debug;
		};
		DB4D53FA1FA1A5F200DF6F63 /* Release */ = {
			isa = XCBuildConfiguration;
			baseConfigurationReference = 3B3563CA599D19B5EFCDFFF6 /* Pods-StretchyLayouts.release.xcconfig */;
			buildSettings = {
				ASSETCATALOG_COMPILER_APPICON_NAME = AppIcon;
				CODE_SIGN_STYLE = Automatic;
				DEVELOPMENT_TEAM = 78KFAJBHAX;
				INFOPLIST_FILE = StretchyLayouts/Info.plist;
				LD_RUNPATH_SEARCH_PATHS = "$(inherited) @executable_path/Frameworks";
				PRODUCT_BUNDLE_IDENTIFIER = com.enabled.StretchyLayouts;
				PRODUCT_NAME = "$(TARGET_NAME)";
				SWIFT_VERSION = 4.0;
				TARGETED_DEVICE_FAMILY = "1,2";
			};
			name = Release;
		};
/* End XCBuildConfiguration section */

/* Begin XCConfigurationList section */
		DB4D53E11FA1A5F200DF6F63 /* Build configuration list for PBXProject "StretchyLayouts" */ = {
			isa = XCConfigurationList;
			buildConfigurations = (
				DB4D53F61FA1A5F200DF6F63 /* Debug */,
				DB4D53F71FA1A5F200DF6F63 /* Release */,
			);
			defaultConfigurationIsVisible = 0;
			defaultConfigurationName = Release;
		};
		DB4D53F81FA1A5F200DF6F63 /* Build configuration list for PBXNativeTarget "StretchyLayouts" */ = {
			isa = XCConfigurationList;
			buildConfigurations = (
				DB4D53F91FA1A5F200DF6F63 /* Debug */,
				DB4D53FA1FA1A5F200DF6F63 /* Release */,
			);
			defaultConfigurationIsVisible = 0;
			defaultConfigurationName = Release;
		};
/* End XCConfigurationList section */
	};
	rootObject = DB4D53DE1FA1A5F200DF6F63 /* Project object */;
}
